
Microsoft Visual Studio Solution File, Format Version 12.00
# Visual Studio 14
VisualStudioVersion = 14.0.23107.0
MinimumVisualStudioVersion = 10.0.40219.1
Project("{FAE04EC0-301F-11D3-BF4B-00C04F79EFBC}") = "TPCTrainco.Umbraco", "TPCTrainco.Umbraco\TPCTrainco.Umbraco.csproj", "{0CA5EEAD-B7C1-428E-BFFA-E48B3E327351}"
EndProject
Project("{FAE04EC0-301F-11D3-BF4B-00C04F79EFBC}") = "TPCTrainco.Umbraco.Extensions", "TPCTrainco.Umbraco.Extensions\TPCTrainco.Umbraco.Extensions.csproj", "{593C0F16-ED8F-43E1-902D-EB86861179D8}"
EndProject
Project("{2150E333-8FDC-42A3-9474-1A3956D46DE8}") = ".nuget", ".nuget", "{BE72CCB9-D732-4305-AFF2-7070EF893002}"
	ProjectSection(SolutionItems) = preProject
		.nuget\NuGet.Config = .nuget\NuGet.Config
		.nuget\NuGet.exe = .nuget\NuGet.exe
		.nuget\NuGet.targets = .nuget\NuGet.targets
	EndProjectSection
EndProject
Global
	GlobalSection(SolutionConfigurationPlatforms) = preSolution
		Debug|Any CPU = Debug|Any CPU
		Debug-Trainco|Any CPU = Debug-Trainco|Any CPU
		Release|Any CPU = Release|Any CPU
	EndGlobalSection
	GlobalSection(ProjectConfigurationPlatforms) = postSolution
		{0CA5EEAD-B7C1-428E-BFFA-E48B3E327351}.Debug|Any CPU.ActiveCfg = Debug|Any CPU
		{0CA5EEAD-B7C1-428E-BFFA-E48B3E327351}.Debug|Any CPU.Build.0 = Debug|Any CPU
		{0CA5EEAD-B7C1-428E-BFFA-E48B3E327351}.Debug-Trainco|Any CPU.ActiveCfg = Debug-Trainco|Any CPU
		{0CA5EEAD-B7C1-428E-BFFA-E48B3E327351}.Debug-Trainco|Any CPU.Build.0 = Debug-Trainco|Any CPU
		{0CA5EEAD-B7C1-428E-BFFA-E48B3E327351}.Release|Any CPU.ActiveCfg = Release|Any CPU
		{0CA5EEAD-B7C1-428E-BFFA-E48B3E327351}.Release|Any CPU.Build.0 = Release|Any CPU
		{593C0F16-ED8F-43E1-902D-EB86861179D8}.Debug|Any CPU.ActiveCfg = Debug|Any CPU
		{593C0F16-ED8F-43E1-902D-EB86861179D8}.Debug|Any CPU.Build.0 = Debug|Any CPU
		{593C0F16-ED8F-43E1-902D-EB86861179D8}.Debug-Trainco|Any CPU.ActiveCfg = Debug-Trainco|Any CPU
		{593C0F16-ED8F-43E1-902D-EB86861179D8}.Debug-Trainco|Any CPU.Build.0 = Debug-Trainco|Any CPU
		{593C0F16-ED8F-43E1-902D-EB86861179D8}.Release|Any CPU.ActiveCfg = Release|Any CPU
		{593C0F16-ED8F-43E1-902D-EB86861179D8}.Release|Any CPU.Build.0 = Release|Any CPU
	EndGlobalSection
	GlobalSection(SolutionProperties) = preSolution
		HideSolutionNode = FALSE
	EndGlobalSection
EndGlobal
